
Microsoft Visual Studio Solution File, Format Version 12.00
# Visual Studio 15
VisualStudioVersion = 15.0.27703.2026
MinimumVisualStudioVersion = 10.0.40219.1
Project("{FAE04EC0-301F-11D3-BF4B-00C04F79EFBC}") = "JSDoc_TypeDef_Generator", "JSDoc_TypeDef_Generator\JSDoc_TypeDef_Generator.csproj", "{7DFEEB47-4887-4984-86B2-9C71DC89E460}"
EndProject
Global
	GlobalSection(SolutionConfigurationPlatforms) = preSolution
		Debug|Any CPU = Debug|Any CPU
		Release|Any CPU = Release|Any CPU
	EndGlobalSection
	GlobalSection(ProjectConfigurationPlatforms) = postSolution
		{7DFEEB47-4887-4984-86B2-9C71DC89E460}.Debug|Any CPU.ActiveCfg = Debug|Any CPU
		{7DFEEB47-4887-4984-86B2-9C71DC89E460}.Debug|Any CPU.Build.0 = Debug|Any CPU
		{7DFEEB47-4887-4984-86B2-9C71DC89E460}.Release|Any CPU.ActiveCfg = Release|Any CPU
		{7DFEEB47-4887-4984-86B2-9C71DC89E460}.Release|Any CPU.Build.0 = Release|Any CPU
	EndGlobalSection
	GlobalSection(SolutionProperties) = preSolution
		HideSolutionNode = FALSE
	EndGlobalSection
	GlobalSection(ExtensibilityGlobals) = postSolution
		SolutionGuid = {E8967843-E46C-46C5-ACB7-161D285D0370}
	EndGlobalSection
EndGlobal
